Microsoft Visual Studio Solution File, Format Version 12.00
# Visual Studio 15
VisualStudioVersion = 15.0.26430.6
MinimumVisualStudioVersion = 10.0.40219.1
Project("{FAE04EC0-301F-11D3-BF4B-00C04F79EFBC}") = "MeetingLog", "MeetingLog\MeetingLog.csproj", "{1EA073A8-FE7A-44D3-94A8-E92F5B71BEDE}"
EndProject
Project("{FAE04EC0-301F-11D3-BF4B-00C04F79EFBC}") = "MeetingLog.iOS", "iOS\MeetingLog.iOS.csproj", "{D65E0542-FB15-4162-9880-0C22BBF696E4}"
EndProject
Project("{FAE04EC0-301F-11D3-BF4B-00C04F79EFBC}") = "MeetingLog.Droid", "Droid\MeetingLog.Droid.csproj", "{FE4CB7A8-1965-4A10-A7EA-A14E6CE9F630}"
EndProject
Global
	GlobalSection(SolutionConfigurationPlatforms) = preSolution
		Debug|Any CPU = Debug|Any CPU
		Debug|iPhone = Debug|iPhone
		Debug|iPhoneSimulator = Debug|iPhoneSimulator
		Release|Any CPU = Release|Any CPU
		Release|iPhone = Release|iPhone
		Release|iPhoneSimulator = Release|iPhoneSimulator
	EndGlobalSection
	GlobalSection(ProjectConfigurationPlatforms) = postSolution
		{1EA073A8-FE7A-44D3-94A8-E92F5B71BEDE}.Debug|Any CPU.ActiveCfg = Debug|Any CPU
		{1EA073A8-FE7A-44D3-94A8-E92F5B71BEDE}.Debug|Any CPU.Build.0 = Debug|Any CPU
		{1EA073A8-FE7A-44D3-94A8-E92F5B71BEDE}.Debug|iPhone.ActiveCfg = Debug|Any CPU
		{1EA073A8-FE7A-44D3-94A8-E92F5B71BEDE}.Debug|iPhone.Build.0 = Debug|Any CPU
		{1EA073A8-FE7A-44D3-94A8-E92F5B71BEDE}.Debug|iPhoneSimulator.ActiveCfg = Debug|Any CPU
		{1EA073A8-FE7A-44D3-94A8-E92F5B71BEDE}.Debug|iPhoneSimulator.Build.0 = Debug|Any CPU
		{1EA073A8-FE7A-44D3-94A8-E92F5B71BEDE}.Release|Any CPU.ActiveCfg = Release|Any CPU
		{1EA073A8-FE7A-44D3-94A8-E92F5B71BEDE}.Release|Any CPU.Build.0 = Release|Any CPU
		{1EA073A8-FE7A-44D3-94A8-E92F5B71BEDE}.Release|iPhone.ActiveCfg = Release|Any CPU
		{1EA073A8-FE7A-44D3-94A8-E92F5B71BEDE}.Release|iPhone.Build.0 = Release|Any CPU
		{1EA073A8-FE7A-44D3-94A8-E92F5B71BEDE}.Release|iPhoneSimulator.ActiveCfg = Release|Any CPU
		{1EA073A8-FE7A-44D3-94A8-E92F5B71BEDE}.Release|iPhoneSimulator.Build.0 = Release|Any CPU
		{D65E0542-FB15-4162-9880-0C22BBF696E4}.Debug|Any CPU.ActiveCfg = Debug|iPhoneSimulator
		{D65E0542-FB15-4162-9880-0C22BBF696E4}.Debug|Any CPU.Build.0 = Debug|iPhoneSimulator
		{D65E0542-FB15-4162-9880-0C22BBF696E4}.Debug|iPhone.ActiveCfg = Debug|iPhone
		{D65E0542-FB15-4162-9880-0C22BBF696E4}.Debug|iPhone.Build.0 = Debug|iPhone
		{D65E0542-FB15-4162-9880-0C22BBF696E4}.Debug|iPhoneSimulator.ActiveCfg = Debug|iPhoneSimulator
		{D65E0542-FB15-4162-9880-0C22BBF696E4}.Debug|iPhoneSimulator.Build.0 = Debug|iPhoneSimulator
		{D65E0542-FB15-4162-9880-0C22BBF696E4}.Release|Any CPU.ActiveCfg = Release|iPhone
		{D65E0542-FB15-4162-9880-0C22BBF696E4}.Release|Any CPU.Build.0 = Release|iPhone
		{D65E0542-FB15-4162-9880-0C22BBF696E4}.Release|iPhone.ActiveCfg = Release|iPhone
		{D65E0542-FB15-4162-9880-0C22BBF696E4}.Release|iPhone.Build.0 = Release|iPhone
		{D65E0542-FB15-4162-9880-0C22BBF696E4}.Release|iPhoneSimulator.ActiveCfg = Release|iPhoneSimulator
		{D65E0542-FB15-4162-9880-0C22BBF696E4}.Release|iPhoneSimulator.Build.0 = Release|iPhoneSimulator
		{FE4CB7A8-1965-4A10-A7EA-A14E6CE9F630}.Debug|Any CPU.ActiveCfg = Debug|Any CPU
		{FE4CB7A8-1965-4A10-A7EA-A14E6CE9F630}.Debug|Any CPU.Build.0 = Debug|Any CPU
		{FE4CB7A8-1965-4A10-A7EA-A14E6CE9F630}.Debug|iPhone.ActiveCfg = Debug|Any CPU
		{FE4CB7A8-1965-4A10-A7EA-A14E6CE9F630}.Debug|iPhone.Build.0 = Debug|Any CPU
		{FE4CB7A8-1965-4A10-A7EA-A14E6CE9F630}.Debug|iPhoneSimulator.ActiveCfg = Debug|Any CPU
		{FE4CB7A8-1965-4A10-A7EA-A14E6CE9F630}.Debug|iPhoneSimulator.Build.0 = Debug|Any CPU
		{FE4CB7A8-1965-4A10-A7EA-A14E6CE9F630}.Release|Any CPU.ActiveCfg = Release|Any CPU
		{FE4CB7A8-1965-4A10-A7EA-A14E6CE9F630}.Release|Any CPU.Build.0 = Release|Any CPU
		{FE4CB7A8-1965-4A10-A7EA-A14E6CE9F630}.Release|iPhone.ActiveCfg = Release|Any CPU
		{FE4CB7A8-1965-4A10-A7EA-A14E6CE9F630}.Release|iPhone.Build.0 = Release|Any CPU
		{FE4CB7A8-1965-4A10-A7EA-A14E6CE9F630}.Release|iPhoneSimulator.ActiveCfg = Release|Any CPU
		{FE4CB7A8-1965-4A10-A7EA-A14E6CE9F630}.Release|iPhoneSimulator.Build.0 = Release|Any CPU
	EndGlobalSection
	GlobalSection(SolutionProperties) = preSolution
		HideSolutionNode = FALSE
	EndGlobalSection
EndGlobal
